# This file is automatically @generated by Cargo.
# It is not intended for manual editing.
[[package]]
name = "addr2line"
version = "0.13.0"
source = "registry+https://github.com/rust-lang/crates.io-index"
checksum = "1b6a2d3371669ab3ca9797670853d61402b03d0b4b9ebf33d677dfa720203072"
dependencies = [
 "gimli",
]

[[package]]
name = "adler"
version = "0.2.3"
source = "registry+https://github.com/rust-lang/crates.io-index"
checksum = "ee2a4ec343196209d6594e19543ae87a39f96d5534d7174822a3ad825dd6ed7e"

[[package]]
name = "advapi32-sys"
version = "0.1.2"
source = "registry+https://github.com/rust-lang/crates.io-index"
checksum = "307c92332867e586720c0222ee9d890bbe8431711efed8a1b06bc5b40fc66bd7"
dependencies = [
 "winapi",
 "winapi-build",
]

[[package]]
name = "autocfg"
version = "1.0.1"
source = "registry+https://github.com/rust-lang/crates.io-index"
checksum = "cdb031dd78e28731d87d56cc8ffef4a8f36ca26c38fe2de700543e627f8a464a"

[[package]]
name = "backtrace"
version = "0.3.53"
source = "registry+https://github.com/rust-lang/crates.io-index"
checksum = "707b586e0e2f247cbde68cdd2c3ce69ea7b7be43e1c5b426e37c9319c4b9838e"
dependencies = [
 "addr2line",
 "cfg-if 1.0.0",
 "libc 0.2.79",
 "miniz_oxide",
 "object",
 "rustc-demangle",
]

[[package]]
name = "bitflags"
version = "0.1.1"
source = "registry+https://github.com/rust-lang/crates.io-index"
checksum = "2a6577517ecd0ee0934f48a7295a89aaef3e6dfafeac404f94c0b3448518ddfe"

[[package]]
name = "bitflags"
version = "1.2.1"
source = "registry+https://github.com/rust-lang/crates.io-index"
checksum = "cf1de2fe8c75bc145a2f577add951f8134889b4795d47466a54a5c846d691693"

[[package]]
name = "byteorder"
version = "0.3.13"
source = "registry+https://github.com/rust-lang/crates.io-index"
checksum = "29b2aa490a8f546381308d68fc79e6bd753cd3ad839f7a7172897f1feedfa175"

[[package]]
name = "cc"
version = "1.0.61"
source = "registry+https://github.com/rust-lang/crates.io-index"
checksum = "ed67cbde08356238e75fc4656be4749481eeffb09e19f320a25237d5221c985d"

[[package]]
name = "cfg-if"
version = "0.1.10"
source = "registry+https://github.com/rust-lang/crates.io-index"
checksum = "4785bdd1c96b2a846b2bd7cc02e86b6b3dbf14e7e53446c4f54c92a361040822"

[[package]]
name = "cfg-if"
version = "1.0.0"
source = "registry+https://github.com/rust-lang/crates.io-index"
checksum = "baf1de4339761588bc0619e3cbc0120ee582ebb74b53b4efbf79117bd2da40fd"

[[package]]
name = "crc"
version = "0.3.1"
source = "registry+https://github.com/rust-lang/crates.io-index"
checksum = "9cdf6ae30fc1eb2ced26292764c67c48ff0107c551a2ff010eddadf0f0d7d56b"
dependencies = [
 "lazy_static",
]

[[package]]
name = "debug-builders"
version = "0.1.0"
source = "registry+https://github.com/rust-lang/crates.io-index"
checksum = "0f5d8e3d14cabcb2a8a59d7147289173c6ada77a0bc526f6b85078f941c0cf12"

[[package]]
name = "devicemapper"
version = "0.28.1"
dependencies = [
 "bitflags 1.2.1",
 "error-chain",
 "libc 0.2.79",
 "nix 0.18.0",
 "serde",
]

[[package]]
name = "error-chain"
version = "0.12.4"
source = "registry+https://github.com/rust-lang/crates.io-index"
checksum = "2d2f06b9cac1506ece98fe3231e3cc9c4410ec3d5b1f24ae1c8946f0742cdefc"
dependencies = [
 "backtrace",
 "version_check",
]

[[package]]
name = "gimli"
version = "0.22.0"
source = "registry+https://github.com/rust-lang/crates.io-index"
checksum = "aaf91faf136cb47367fa430cd46e37a788775e7fa104f8b4bcb3861dc389b724"

[[package]]
name = "kernel32-sys"
version = "0.1.4"
source = "registry+https://github.com/rust-lang/crates.io-index"
checksum = "e014dab1082fd9d80ea1fa6fcb261b47ed3eb511612a14198bb507701add083e"
dependencies = [
 "winapi",
 "winapi-build",
]

[[package]]
name = "lazy_static"
version = "0.1.14"
source = "registry+https://github.com/rust-lang/crates.io-index"
checksum = "466e07dc490cbe19e7fa72d78334581fad0a68083ea72ff0a95b0fbddd664536"

[[package]]
name = "libc"
version = "0.1.10"
source = "registry+https://github.com/rust-lang/crates.io-index"
checksum = "cd70bd1f9f3bfadfdcdf92869faecc795686617d3a9acfe74d0c89a4bb6d142b"

[[package]]
name = "libc"
version = "0.2.79"
source = "registry+https://github.com/rust-lang/crates.io-index"
checksum = "2448f6066e80e3bfc792e9c98bf705b4b0fc6e8ef5b43e5889aff0eaa9c58743"

[[package]]
name = "melvin"
version = "0.2.0"
dependencies = [
 "byteorder",
 "crc",
 "devicemapper",
 "libc 0.1.10",
 "nix 0.3.10",
 "time",
 "unix_socket",
 "uuid",
]

[[package]]
name = "miniz_oxide"
version = "0.4.3"
source = "registry+https://github.com/rust-lang/crates.io-index"
checksum = "0f2d26ec3309788e423cfbf68ad1800f061638098d76a83681af979dc4eda19d"
dependencies = [
 "adler",
 "autocfg",
]

[[package]]
name = "nix"
version = "0.3.10"
source = "registry+https://github.com/rust-lang/crates.io-index"
checksum = "4762dd6918cf86f2a8dd0b08fca650541493ac109c8a6dd2bcfc3337625838eb"
dependencies = [
 "bitflags 0.1.1",
 "libc 0.1.10",
]

[[package]]
name = "nix"
version = "0.18.0"
source = "registry+https://github.com/rust-lang/crates.io-index"
checksum = "83450fe6a6142ddd95fb064b746083fc4ef1705fe81f64a64e1d4b39f54a1055"
dependencies = [
 "bitflags 1.2.1",
 "cc",
 "cfg-if 0.1.10",
 "libc 0.2.79",
]

[[package]]
name = "object"
version = "0.21.1"
source = "registry+https://github.com/rust-lang/crates.io-index"
checksum = "37fd5004feb2ce328a52b0b3d01dbf4ffff72583493900ed15f22d4111c51693"

[[package]]
name = "rand"
version = "0.3.11"
source = "registry+https://github.com/rust-lang/crates.io-index"
checksum = "9f7c7a46a8a1f876a89c594f7171a4152f5d7db20bfd4861c4f59b314ee81bff"
dependencies = [
 "advapi32-sys",
 "libc 0.1.10",
 "winapi",
]

[[package]]
name = "rustc-demangle"
version = "0.1.17"
source = "registry+https://github.com/rust-lang/crates.io-index"
checksum = "b2610b7f643d18c87dff3b489950269617e6601a51f1f05aa5daefee36f64f0b"

[[package]]
name = "rustc-serialize"
version = "0.3.24"
source = "registry+https://github.com/rust-lang/crates.io-index"
checksum = "dcf128d1287d2ea9d80910b5f1120d0b8eede3fbf1abe91c40d39ea7d51e6fda"

[[package]]
name = "serde"
version = "1.0.117"
source = "registry+https://github.com/rust-lang/crates.io-index"
checksum = "b88fa983de7720629c9387e9f517353ed404164b1e482c970a90c1a4aaf7dc1a"

[[package]]
name = "time"
version = "0.1.32"
source = "registry+https://github.com/rust-lang/crates.io-index"
checksum = "7a293822233b81c06fc328921cb771c87a8826a29f4ec595fa78221e482e12f3"
dependencies = [
 "kernel32-sys",
 "libc 0.1.10",
 "winapi",
]

[[package]]
name = "unix_socket"
version = "0.4.5"
source = "registry+https://github.com/rust-lang/crates.io-index"
checksum = "4e429b1fc33eb75f04c52eea2e7b055569cb24742f00a7318cc49057a5f304ba"
dependencies = [
 "debug-builders",
 "libc 0.1.10",
]

[[package]]
name = "uuid"
version = "0.1.17"
source = "registry+https://github.com/rust-lang/crates.io-index"
checksum = "ac4fa2b9684569b5e0da2a863842f148f4e7bdf97c4035e7cfba28c5ee94d442"
dependencies = [
 "rand",
 "rustc-serialize",
]

[[package]]
name = "version_check"
version = "0.9.2"
source = "registry+https://github.com/rust-lang/crates.io-index"
checksum = "b5a972e5669d67ba988ce3dc826706fb0a8b01471c088cb0b6110b805cc36aed"

[[package]]
name = "winapi"
version = "0.2.4"
source = "registry+https://github.com/rust-lang/crates.io-index"
checksum = "5350e40d908c7e8b9e5c9edb541ca47cc617c6229d3575a46da6f550f36c96fd"

[[package]]
name = "winapi-build"
version = "0.1.1"
source = "registry+https://github.com/rust-lang/crates.io-index"
checksum = "2d315eee3b34aca4797b2da6b13ed88266e6d612562a0c46390af8299fc699bc"
